{
  "name": "health_keeper",
  "version": "1.0.0",
  "lockfileVersion": 1,
  "requires": true,
  "dependencies": {
    "@dcloudio/types": {
      "version": "2.0.23",
      "resolved": "https://registry.npm.taobao.org/@dcloudio/types/download/@dcloudio/types-2.0.23.tgz",
      "integrity": "sha1-TgJglCGHbvk6Ice19407GutERP0="
    },
    "deepmerge": {
      "version": "4.2.2",
      "resolved": "https://registry.npm.taobao.org/deepmerge/download/deepmerge-4.2.2.tgz?cache=0&sync_timestamp=1586265314726&other_urls=https%3A%2F%2Fregistry.npm.taobao.org%2Fdeepmerge%2Fdownload%2Fdeepmerge-4.2.2.tgz",
      "integrity": "sha1-RNLqNnm49NT/ujPwPYZfwee/SVU="
    },
    "luch-request": {
      "version": "3.0.5",
      "resolved": "https://registry.npm.taobao.org/luch-request/download/luch-request-3.0.5.tgz",
      "integrity": "sha1-E/JWYRZrPOfIYfGhHT/GmQvIWyg=",
      "requires": {
        "@dcloudio/types": "^2.0.16"
      }
    },
    "set-cookie-parser": {
      "version": "2.4.8",
      "resolved": "https://registry.npm.taobao.org/set-cookie-parser/download/set-cookie-parser-2.4.8.tgz",
      "integrity": "sha1-0NoO04i8jyTnBqOR+cniUqE8WLI="
    },
    "shvl": {
      "version": "2.0.2",
      "resolved": "https://registry.npm.taobao.org/shvl/download/shvl-2.0.2.tgz?cache=0&sync_timestamp=1610375672754&other_urls=https%3A%2F%2Fregistry.npm.taobao.org%2Fshvl%2Fdownload%2Fshvl-2.0.2.tgz",
      "integrity": "sha1-7Kfey5u9To3ZPwbqmrlANjGc01E="
    },
    "vuex-persistedstate": {
      "version": "4.0.0-beta.3",
      "resolved": "https://registry.npm.taobao.org/vuex-persistedstate/download/vuex-persistedstate-4.0.0-beta.3.tgz",
      "integrity": "sha1-id1xLectKOhcyVRn0GYALBQF8nc=",
      "requires": {
        "deepmerge": "^4.2.2",
        "shvl": "^2.0.2"
      }
    },
    "weapp-cookie": {
      "version": "1.4.6",
      "resolved": "https://registry.npm.taobao.org/weapp-cookie/download/weapp-cookie-1.4.6.tgz",
      "integrity": "sha1-bGBwjRvveC1X8mb+ezXjfaiDDz4=",
      "requires": {
        "set-cookie-parser": "^2.3.8"
      }
    }
  }
}
